
Microsoft Visual Studio Solution File, Format Version 12.00
# Visual Studio 15
VisualStudioVersion = 15.0.26403.3
MinimumVisualStudioVersion = 10.0.40219.1
Project("{2150E333-8FDC-42A3-9474-1A3956D46DE8}") = "OrmLite", "OrmLite", "{9C04829A-7F4A-4357-A6DD-01B1FE27E80E}"
EndProject
Project("{2150E333-8FDC-42A3-9474-1A3956D46DE8}") = "Redis", "Redis", "{3BBB81B5-13A8-48CB-B5C3-D697F42F8287}"
EndProject
Project("{FAE04EC0-301F-11D3-BF4B-00C04F79EFBC}") = "InstrumentacionConSortedSets", "InstrumentacionConSortedSets\InstrumentacionConSortedSets.csproj", "{8A1A492E-4F81-4652-A0F7-A4E4BB248863}"
EndProject
Project("{FAE04EC0-301F-11D3-BF4B-00C04F79EFBC}") = "Referencias", "Referencias\Referencias.csproj", "{63A6ADC6-9E9B-43B0-BC4D-43009F2E6A2F}"
EndProject
Project("{FAE04EC0-301F-11D3-BF4B-00C04F79EFBC}") = "InstrumentacionConHashes", "InstrumentacionConHashes\InstrumentacionConHashes.csproj", "{FEA4623A-322B-4759-8379-2FA5513CD9FC}"
EndProject
Project("{FAE04EC0-301F-11D3-BF4B-00C04F79EFBC}") = "SesionConRedisTipado", "SesionConRedisTipado\SesionConRedisTipado.csproj", "{C36424D7-949E-4DEE-B101-1B6CEEF1ADA7}"
EndProject
Project("{FAE04EC0-301F-11D3-BF4B-00C04F79EFBC}") = "HyperLogLog", "HyperLogLog\HyperLogLog.csproj", "{661C13FC-DD2B-4448-98E0-7851526A4836}"
EndProject
Project("{FAE04EC0-301F-11D3-BF4B-00C04F79EFBC}") = "RedisBasico", "RedisBasico\RedisBasico.csproj", "{0536DBD5-990D-4FE0-972B-90FED96C70FE}"
EndProject
Project("{FAE04EC0-301F-11D3-BF4B-00C04F79EFBC}") = "Conversores", "Conversores\Conversores.csproj", "{8393622E-6513-4D10-9833-7CD9763293C8}"
EndProject
Project("{FAE04EC0-301F-11D3-BF4B-00C04F79EFBC}") = "Consultas", "Consultas\Consultas.csproj", "{B938BC3B-8880-4ACF-BCE4-949678B0828E}"
EndProject
Project("{FAE04EC0-301F-11D3-BF4B-00C04F79EFBC}") = "CRUD", "CRUD\CRUD.csproj", "{8865964C-29C9-4845-ACA6-86BAFDA9E4AC}"
EndProject
Project("{FAE04EC0-301F-11D3-BF4B-00C04F79EFBC}") = "T4", "T4\T4.csproj", "{03A59C6E-089A-4708-B2F0-35CC7E5E1F26}"
EndProject
Project("{FAE04EC0-301F-11D3-BF4B-00C04F79EFBC}") = "Filtros", "Filtros\Filtros.csproj", "{FAB17585-43D8-46E3-A8D4-4758AE8C1890}"
EndProject
Project("{2150E333-8FDC-42A3-9474-1A3956D46DE8}") = "ServiceStack", "ServiceStack", "{20D81B19-F28A-40EC-857C-1124570DC9F6}"
EndProject
Project("{9A19103F-16F7-4668-BE54-9A1E7A4F7556}") = "Autenticacion", "Autenticacion\Autenticacion.csproj", "{88228E34-ACBB-4E76-B563-077313E3D6C7}"
EndProject
Project("{9A19103F-16F7-4668-BE54-9A1E7A4F7556}") = "AutoQuery", "AutoQuery\AutoQuery.csproj", "{331262CF-2C5C-4B0C-A1B8-0AD8141445AF}"
EndProject
Project("{9A19103F-16F7-4668-BE54-9A1E7A4F7556}") = "Basico", "Basico\Basico.csproj", "{247FAFBB-88E3-4918-BFB2-B333C0C6BAEF}"
EndProject
Project("{9A19103F-16F7-4668-BE54-9A1E7A4F7556}") = "CrudRest", "CrudRest\CrudRest.csproj", "{E655037C-167C-47DB-9528-17DF83337475}"
EndProject
Project("{9A19103F-16F7-4668-BE54-9A1E7A4F7556}") = "DI", "DI\DI.csproj", "{6FAA2F12-3320-471D-A5F8-F344EE9336AE}"
EndProject
Project("{9A19103F-16F7-4668-BE54-9A1E7A4F7556}") = "Logging", "Logging\Logging.csproj", "{DCD11C47-CF26-48C2-801B-AA4A70CE02D8}"
EndProject
Project("{9A19103F-16F7-4668-BE54-9A1E7A4F7556}") = "OpenAPI", "OpenAPI\OpenAPI.csproj", "{AAD98DBA-C56D-4C78-B4C4-7E0E29C8410F}"
EndProject
Project("{9A19103F-16F7-4668-BE54-9A1E7A4F7556}") = "Validacion", "Validacion\Validacion.csproj", "{8926C23D-BEE5-4BC5-AD67-F1EA6B496F28}"
EndProject
Project("{9A19103F-16F7-4668-BE54-9A1E7A4F7556}") = "ServerEventsCliente", "ServerEventsCliente\ServerEventsCliente.csproj", "{A1AD69E2-807E-4A75-A5FA-D99779E59A09}"
EndProject
Project("{9A19103F-16F7-4668-BE54-9A1E7A4F7556}") = "ServerEventsServidor", "ServerEventsServidor\ServerEventsServidor.csproj", "{018DA072-4670-47B1-ADC1-8CEE4FE1C918}"
EndProject
Global
	GlobalSection(SolutionConfigurationPlatforms) = preSolution
		Debug|Any CPU = Debug|Any CPU
		Release|Any CPU = Release|Any CPU
	EndGlobalSection
	GlobalSection(ProjectConfigurationPlatforms) = postSolution
		{8A1A492E-4F81-4652-A0F7-A4E4BB248863}.Debug|Any CPU.ActiveCfg = Debug|Any CPU
		{8A1A492E-4F81-4652-A0F7-A4E4BB248863}.Debug|Any CPU.Build.0 = Debug|Any CPU
		{8A1A492E-4F81-4652-A0F7-A4E4BB248863}.Release|Any CPU.ActiveCfg = Release|Any CPU
		{8A1A492E-4F81-4652-A0F7-A4E4BB248863}.Release|Any CPU.Build.0 = Release|Any CPU
		{63A6ADC6-9E9B-43B0-BC4D-43009F2E6A2F}.Debug|Any CPU.ActiveCfg = Debug|Any CPU
		{63A6ADC6-9E9B-43B0-BC4D-43009F2E6A2F}.Debug|Any CPU.Build.0 = Debug|Any CPU
		{63A6ADC6-9E9B-43B0-BC4D-43009F2E6A2F}.Release|Any CPU.ActiveCfg = Release|Any CPU
		{63A6ADC6-9E9B-43B0-BC4D-43009F2E6A2F}.Release|Any CPU.Build.0 = Release|Any CPU
		{FEA4623A-322B-4759-8379-2FA5513CD9FC}.Debug|Any CPU.ActiveCfg = Debug|Any CPU
		{FEA4623A-322B-4759-8379-2FA5513CD9FC}.Debug|Any CPU.Build.0 = Debug|Any CPU
		{FEA4623A-322B-4759-8379-2FA5513CD9FC}.Release|Any CPU.ActiveCfg = Release|Any CPU
		{FEA4623A-322B-4759-8379-2FA5513CD9FC}.Release|Any CPU.Build.0 = Release|Any CPU
		{C36424D7-949E-4DEE-B101-1B6CEEF1ADA7}.Debug|Any CPU.ActiveCfg = Debug|Any CPU
		{C36424D7-949E-4DEE-B101-1B6CEEF1ADA7}.Debug|Any CPU.Build.0 = Debug|Any CPU
		{C36424D7-949E-4DEE-B101-1B6CEEF1ADA7}.Release|Any CPU.ActiveCfg = Release|Any CPU
		{C36424D7-949E-4DEE-B101-1B6CEEF1ADA7}.Release|Any CPU.Build.0 = Release|Any CPU
		{661C13FC-DD2B-4448-98E0-7851526A4836}.Debug|Any CPU.ActiveCfg = Debug|Any CPU
		{661C13FC-DD2B-4448-98E0-7851526A4836}.Debug|Any CPU.Build.0 = Debug|Any CPU
		{661C13FC-DD2B-4448-98E0-7851526A4836}.Release|Any CPU.ActiveCfg = Release|Any CPU
		{661C13FC-DD2B-4448-98E0-7851526A4836}.Release|Any CPU.Build.0 = Release|Any CPU
		{0536DBD5-990D-4FE0-972B-90FED96C70FE}.Debug|Any CPU.ActiveCfg = Debug|Any CPU
		{0536DBD5-990D-4FE0-972B-90FED96C70FE}.Debug|Any CPU.Build.0 = Debug|Any CPU
		{0536DBD5-990D-4FE0-972B-90FED96C70FE}.Release|Any CPU.ActiveCfg = Release|Any CPU
		{0536DBD5-990D-4FE0-972B-90FED96C70FE}.Release|Any CPU.Build.0 = Release|Any CPU
		{8393622E-6513-4D10-9833-7CD9763293C8}.Debug|Any CPU.ActiveCfg = Debug|Any CPU
		{8393622E-6513-4D10-9833-7CD9763293C8}.Debug|Any CPU.Build.0 = Debug|Any CPU
		{8393622E-6513-4D10-9833-7CD9763293C8}.Release|Any CPU.ActiveCfg = Release|Any CPU
		{8393622E-6513-4D10-9833-7CD9763293C8}.Release|Any CPU.Build.0 = Release|Any CPU
		{B938BC3B-8880-4ACF-BCE4-949678B0828E}.Debug|Any CPU.ActiveCfg = Debug|Any CPU
		{B938BC3B-8880-4ACF-BCE4-949678B0828E}.Debug|Any CPU.Build.0 = Debug|Any CPU
		{B938BC3B-8880-4ACF-BCE4-949678B0828E}.Release|Any CPU.ActiveCfg = Release|Any CPU
		{B938BC3B-8880-4ACF-BCE4-949678B0828E}.Release|Any CPU.Build.0 = Release|Any CPU
		{8865964C-29C9-4845-ACA6-86BAFDA9E4AC}.Debug|Any CPU.ActiveCfg = Debug|Any CPU
		{8865964C-29C9-4845-ACA6-86BAFDA9E4AC}.Debug|Any CPU.Build.0 = Debug|Any CPU
		{8865964C-29C9-4845-ACA6-86BAFDA9E4AC}.Release|Any CPU.ActiveCfg = Release|Any CPU
		{8865964C-29C9-4845-ACA6-86BAFDA9E4AC}.Release|Any CPU.Build.0 = Release|Any CPU
		{03A59C6E-089A-4708-B2F0-35CC7E5E1F26}.Debug|Any CPU.ActiveCfg = Debug|Any CPU
		{03A59C6E-089A-4708-B2F0-35CC7E5E1F26}.Debug|Any CPU.Build.0 = Debug|Any CPU
		{03A59C6E-089A-4708-B2F0-35CC7E5E1F26}.Release|Any CPU.ActiveCfg = Release|Any CPU
		{03A59C6E-089A-4708-B2F0-35CC7E5E1F26}.Release|Any CPU.Build.0 = Release|Any CPU
		{FAB17585-43D8-46E3-A8D4-4758AE8C1890}.Debug|Any CPU.ActiveCfg = Debug|Any CPU
		{FAB17585-43D8-46E3-A8D4-4758AE8C1890}.Debug|Any CPU.Build.0 = Debug|Any CPU
		{FAB17585-43D8-46E3-A8D4-4758AE8C1890}.Release|Any CPU.ActiveCfg = Release|Any CPU
		{FAB17585-43D8-46E3-A8D4-4758AE8C1890}.Release|Any CPU.Build.0 = Release|Any CPU
		{88228E34-ACBB-4E76-B563-077313E3D6C7}.Debug|Any CPU.ActiveCfg = Debug|Any CPU
		{88228E34-ACBB-4E76-B563-077313E3D6C7}.Debug|Any CPU.Build.0 = Debug|Any CPU
		{88228E34-ACBB-4E76-B563-077313E3D6C7}.Release|Any CPU.ActiveCfg = Release|Any CPU
		{88228E34-ACBB-4E76-B563-077313E3D6C7}.Release|Any CPU.Build.0 = Release|Any CPU
		{331262CF-2C5C-4B0C-A1B8-0AD8141445AF}.Debug|Any CPU.ActiveCfg = Debug|Any CPU
		{331262CF-2C5C-4B0C-A1B8-0AD8141445AF}.Debug|Any CPU.Build.0 = Debug|Any CPU
		{331262CF-2C5C-4B0C-A1B8-0AD8141445AF}.Release|Any CPU.ActiveCfg = Release|Any CPU
		{331262CF-2C5C-4B0C-A1B8-0AD8141445AF}.Release|Any CPU.Build.0 = Release|Any CPU
		{247FAFBB-88E3-4918-BFB2-B333C0C6BAEF}.Debug|Any CPU.ActiveCfg = Debug|Any CPU
		{247FAFBB-88E3-4918-BFB2-B333C0C6BAEF}.Debug|Any CPU.Build.0 = Debug|Any CPU
		{247FAFBB-88E3-4918-BFB2-B333C0C6BAEF}.Release|Any CPU.ActiveCfg = Release|Any CPU
		{247FAFBB-88E3-4918-BFB2-B333C0C6BAEF}.Release|Any CPU.Build.0 = Release|Any CPU
		{E655037C-167C-47DB-9528-17DF83337475}.Debug|Any CPU.ActiveCfg = Debug|Any CPU
		{E655037C-167C-47DB-9528-17DF83337475}.Debug|Any CPU.Build.0 = Debug|Any CPU
		{E655037C-167C-47DB-9528-17DF83337475}.Release|Any CPU.ActiveCfg = Release|Any CPU
		{E655037C-167C-47DB-9528-17DF83337475}.Release|Any CPU.Build.0 = Release|Any CPU
		{6FAA2F12-3320-471D-A5F8-F344EE9336AE}.Debug|Any CPU.ActiveCfg = Debug|Any CPU
		{6FAA2F12-3320-471D-A5F8-F344EE9336AE}.Debug|Any CPU.Build.0 = Debug|Any CPU
		{6FAA2F12-3320-471D-A5F8-F344EE9336AE}.Release|Any CPU.ActiveCfg = Release|Any CPU
		{6FAA2F12-3320-471D-A5F8-F344EE9336AE}.Release|Any CPU.Build.0 = Release|Any CPU
		{DCD11C47-CF26-48C2-801B-AA4A70CE02D8}.Debug|Any CPU.ActiveCfg = Debug|Any CPU
		{DCD11C47-CF26-48C2-801B-AA4A70CE02D8}.Debug|Any CPU.Build.0 = Debug|Any CPU
		{DCD11C47-CF26-48C2-801B-AA4A70CE02D8}.Release|Any CPU.ActiveCfg = Release|Any CPU
		{DCD11C47-CF26-48C2-801B-AA4A70CE02D8}.Release|Any CPU.Build.0 = Release|Any CPU
		{AAD98DBA-C56D-4C78-B4C4-7E0E29C8410F}.Debug|Any CPU.ActiveCfg = Debug|Any CPU
		{AAD98DBA-C56D-4C78-B4C4-7E0E29C8410F}.Debug|Any CPU.Build.0 = Debug|Any CPU
		{AAD98DBA-C56D-4C78-B4C4-7E0E29C8410F}.Release|Any CPU.ActiveCfg = Release|Any CPU
		{AAD98DBA-C56D-4C78-B4C4-7E0E29C8410F}.Release|Any CPU.Build.0 = Release|Any CPU
		{8926C23D-BEE5-4BC5-AD67-F1EA6B496F28}.Debug|Any CPU.ActiveCfg = Debug|Any CPU
		{8926C23D-BEE5-4BC5-AD67-F1EA6B496F28}.Debug|Any CPU.Build.0 = Debug|Any CPU
		{8926C23D-BEE5-4BC5-AD67-F1EA6B496F28}.Release|Any CPU.ActiveCfg = Release|Any CPU
		{8926C23D-BEE5-4BC5-AD67-F1EA6B496F28}.Release|Any CPU.Build.0 = Release|Any CPU
		{A1AD69E2-807E-4A75-A5FA-D99779E59A09}.Debug|Any CPU.ActiveCfg = Debug|Any CPU
		{A1AD69E2-807E-4A75-A5FA-D99779E59A09}.Debug|Any CPU.Build.0 = Debug|Any CPU
		{A1AD69E2-807E-4A75-A5FA-D99779E59A09}.Release|Any CPU.ActiveCfg = Release|Any CPU
		{A1AD69E2-807E-4A75-A5FA-D99779E59A09}.Release|Any CPU.Build.0 = Release|Any CPU
		{018DA072-4670-47B1-ADC1-8CEE4FE1C918}.Debug|Any CPU.ActiveCfg = Debug|Any CPU
		{018DA072-4670-47B1-ADC1-8CEE4FE1C918}.Debug|Any CPU.Build.0 = Debug|Any CPU
		{018DA072-4670-47B1-ADC1-8CEE4FE1C918}.Release|Any CPU.ActiveCfg = Release|Any CPU
		{018DA072-4670-47B1-ADC1-8CEE4FE1C918}.Release|Any CPU.Build.0 = Release|Any CPU
	EndGlobalSection
	GlobalSection(SolutionProperties) = preSolution
		HideSolutionNode = FALSE
	EndGlobalSection
	GlobalSection(NestedProjects) = preSolution
		{8A1A492E-4F81-4652-A0F7-A4E4BB248863} = {3BBB81B5-13A8-48CB-B5C3-D697F42F8287}
		{63A6ADC6-9E9B-43B0-BC4D-43009F2E6A2F} = {9C04829A-7F4A-4357-A6DD-01B1FE27E80E}
		{FEA4623A-322B-4759-8379-2FA5513CD9FC} = {3BBB81B5-13A8-48CB-B5C3-D697F42F8287}
		{C36424D7-949E-4DEE-B101-1B6CEEF1ADA7} = {3BBB81B5-13A8-48CB-B5C3-D697F42F8287}
		{661C13FC-DD2B-4448-98E0-7851526A4836} = {3BBB81B5-13A8-48CB-B5C3-D697F42F8287}
		{0536DBD5-990D-4FE0-972B-90FED96C70FE} = {3BBB81B5-13A8-48CB-B5C3-D697F42F8287}
		{8393622E-6513-4D10-9833-7CD9763293C8} = {9C04829A-7F4A-4357-A6DD-01B1FE27E80E}
		{B938BC3B-8880-4ACF-BCE4-949678B0828E} = {9C04829A-7F4A-4357-A6DD-01B1FE27E80E}
		{8865964C-29C9-4845-ACA6-86BAFDA9E4AC} = {9C04829A-7F4A-4357-A6DD-01B1FE27E80E}
		{03A59C6E-089A-4708-B2F0-35CC7E5E1F26} = {9C04829A-7F4A-4357-A6DD-01B1FE27E80E}
		{FAB17585-43D8-46E3-A8D4-4758AE8C1890} = {9C04829A-7F4A-4357-A6DD-01B1FE27E80E}
		{88228E34-ACBB-4E76-B563-077313E3D6C7} = {20D81B19-F28A-40EC-857C-1124570DC9F6}
		{331262CF-2C5C-4B0C-A1B8-0AD8141445AF} = {20D81B19-F28A-40EC-857C-1124570DC9F6}
		{247FAFBB-88E3-4918-BFB2-B333C0C6BAEF} = {20D81B19-F28A-40EC-857C-1124570DC9F6}
		{E655037C-167C-47DB-9528-17DF83337475} = {20D81B19-F28A-40EC-857C-1124570DC9F6}
		{6FAA2F12-3320-471D-A5F8-F344EE9336AE} = {20D81B19-F28A-40EC-857C-1124570DC9F6}
		{DCD11C47-CF26-48C2-801B-AA4A70CE02D8} = {20D81B19-F28A-40EC-857C-1124570DC9F6}
		{AAD98DBA-C56D-4C78-B4C4-7E0E29C8410F} = {20D81B19-F28A-40EC-857C-1124570DC9F6}
		{8926C23D-BEE5-4BC5-AD67-F1EA6B496F28} = {20D81B19-F28A-40EC-857C-1124570DC9F6}
		{A1AD69E2-807E-4A75-A5FA-D99779E59A09} = {20D81B19-F28A-40EC-857C-1124570DC9F6}
		{018DA072-4670-47B1-ADC1-8CEE4FE1C918} = {20D81B19-F28A-40EC-857C-1124570DC9F6}
	EndGlobalSection
EndGlobal
